
Microsoft Visual Studio Solution File, Format Version 12.00
# Visual Studio Version 16
VisualStudioVersion = 16.0.30011.22
MinimumVisualStudioVersion = 10.0.40219.1
Project("{6EC3EE1D-3C4E-46DD-8F32-0CC8E7565705}") = "Shared", "Shared\Shared.fsproj", "{3CC63A71-25C0-4762-BCA2-150B83DDC9A1}"
EndProject
Project("{6EC3EE1D-3C4E-46DD-8F32-0CC8E7565705}") = "Service.Client", "Service.Client\Service.Client.fsproj", "{E8014357-DDBE-414A-B343-845DAB01DF59}"
EndProject
Project("{9A19103F-16F7-4668-BE54-9A1E7A4F7556}") = "Service", "Service\Service.csproj", "{78013CF0-55CF-472F-8202-A488A9F4CBC4}"
EndProject
Project("{9A19103F-16F7-4668-BE54-9A1E7A4F7556}") = "Website", "Website\Website.csproj", "{48A73FFE-FDDD-4E56-8BB3-14D66872B852}"
EndProject
Project("{9A19103F-16F7-4668-BE54-9A1E7A4F7556}") = "Contracts", "Contracts\Contracts.csproj", "{55432812-F656-44D6-9C55-58E46341CD1C}"
EndProject
Project("{FAE04EC0-301F-11D3-BF4B-00C04F79EFBC}") = "Domain", "Domain\Domain.csproj", "{962B9848-B6E1-4D65-B312-58AB94F139DE}"
EndProject
Global
	GlobalSection(SolutionConfigurationPlatforms) = preSolution
		Debug|Any CPU = Debug|Any CPU
		Release|Any CPU = Release|Any CPU
	EndGlobalSection
	GlobalSection(ProjectConfigurationPlatforms) = postSolution
		{3CC63A71-25C0-4762-BCA2-150B83DDC9A1}.Debug|Any CPU.ActiveCfg = Debug|Any CPU
		{3CC63A71-25C0-4762-BCA2-150B83DDC9A1}.Debug|Any CPU.Build.0 = Debug|Any CPU
		{3CC63A71-25C0-4762-BCA2-150B83DDC9A1}.Release|Any CPU.ActiveCfg = Release|Any CPU
		{3CC63A71-25C0-4762-BCA2-150B83DDC9A1}.Release|Any CPU.Build.0 = Release|Any CPU
		{E8014357-DDBE-414A-B343-845DAB01DF59}.Debug|Any CPU.ActiveCfg = Debug|Any CPU
		{E8014357-DDBE-414A-B343-845DAB01DF59}.Debug|Any CPU.Build.0 = Debug|Any CPU
		{E8014357-DDBE-414A-B343-845DAB01DF59}.Release|Any CPU.ActiveCfg = Release|Any CPU
		{E8014357-DDBE-414A-B343-845DAB01DF59}.Release|Any CPU.Build.0 = Release|Any CPU
		{78013CF0-55CF-472F-8202-A488A9F4CBC4}.Debug|Any CPU.ActiveCfg = Debug|Any CPU
		{78013CF0-55CF-472F-8202-A488A9F4CBC4}.Debug|Any CPU.Build.0 = Debug|Any CPU
		{78013CF0-55CF-472F-8202-A488A9F4CBC4}.Release|Any CPU.ActiveCfg = Release|Any CPU
		{78013CF0-55CF-472F-8202-A488A9F4CBC4}.Release|Any CPU.Build.0 = Release|Any CPU
		{48A73FFE-FDDD-4E56-8BB3-14D66872B852}.Debug|Any CPU.ActiveCfg = Debug|Any CPU
		{48A73FFE-FDDD-4E56-8BB3-14D66872B852}.Debug|Any CPU.Build.0 = Debug|Any CPU
		{48A73FFE-FDDD-4E56-8BB3-14D66872B852}.Release|Any CPU.ActiveCfg = Release|Any CPU
		{48A73FFE-FDDD-4E56-8BB3-14D66872B852}.Release|Any CPU.Build.0 = Release|Any CPU
		{55432812-F656-44D6-9C55-58E46341CD1C}.Debug|Any CPU.ActiveCfg = Debug|Any CPU
		{55432812-F656-44D6-9C55-58E46341CD1C}.Debug|Any CPU.Build.0 = Debug|Any CPU
		{55432812-F656-44D6-9C55-58E46341CD1C}.Release|Any CPU.ActiveCfg = Release|Any CPU
		{55432812-F656-44D6-9C55-58E46341CD1C}.Release|Any CPU.Build.0 = Release|Any CPU
		{962B9848-B6E1-4D65-B312-58AB94F139DE}.Debug|Any CPU.ActiveCfg = Debug|Any CPU
		{962B9848-B6E1-4D65-B312-58AB94F139DE}.Debug|Any CPU.Build.0 = Debug|Any CPU
		{962B9848-B6E1-4D65-B312-58AB94F139DE}.Release|Any CPU.ActiveCfg = Release|Any CPU
		{962B9848-B6E1-4D65-B312-58AB94F139DE}.Release|Any CPU.Build.0 = Release|Any CPU
	EndGlobalSection
	GlobalSection(SolutionProperties) = preSolution
		HideSolutionNode = FALSE
	EndGlobalSection
	GlobalSection(ExtensibilityGlobals) = postSolution
		SolutionGuid = {02FB9D2D-A9FF-440B-8F91-80A57C6C5B89}
	EndGlobalSection
EndGlobal
